# Generated by cmk. Commit this file.
schema = 2

[toolchains]
  [toolchains.linux-x86_64]
    selector = "libcxx@22.1.8-1"
    target = "x86_64-unknown-linux-gnu"
    manifest_sha256 = "f97cfe6b0ebc4a1ef61c7b85b84b731d2f7db9ad2ef6ac941b6e485cadf5ebab"
    artifact_sha256 = "149c701d9629d323dda9aa30b5ca4777b50f24cd88489594b1a9331e0fb32a14"

[deps]
